
Microsoft Visual Studio Solution File, Format Version 12.00
# Visual Studio 15
VisualStudioVersion = 15.0.28307.1209
MinimumVisualStudioVersion = 10.0.40219.1
Project("{FAE04EC0-301F-11D3-BF4B-00C04F79EFBC}") = "MotionSimDriver", "MotionSimDriver\MotionSimDriver.csproj", "{FB2530F1-BA7C-4D3D-BEF4-78B64D95DA03}"
EndProject
Global
	GlobalSection(SolutionConfigurationPlatforms) = preSolution
		Debug|Any CPU = Debug|Any CPU
		Release|Any CPU = Release|Any CPU
	EndGlobalSection
	GlobalSection(ProjectConfigurationPlatforms) = postSolution
		{FB2530F1-BA7C-4D3D-BEF4-78B64D95DA03}.Debug|Any CPU.ActiveCfg = Debug|Any CPU
		{FB2530F1-BA7C-4D3D-BEF4-78B64D95DA03}.Debug|Any CPU.Build.0 = Debug|Any CPU
		{FB2530F1-BA7C-4D3D-BEF4-78B64D95DA03}.Release|Any CPU.ActiveCfg = Release|Any CPU
		{FB2530F1-BA7C-4D3D-BEF4-78B64D95DA03}.Release|Any CPU.Build.0 = Release|Any CPU
	EndGlobalSection
	GlobalSection(SolutionProperties) = preSolution
		HideSolutionNode = FALSE
	EndGlobalSection
	GlobalSection(ExtensibilityGlobals) = postSolution
		SolutionGuid = {8E12F573-A8E9-46A4-9CB4-A7807374F49F}
	EndGlobalSection
EndGlobal
